// !$*UTF8*$!
{
	archiveVersion = 1;
	classes = {
	};
	objectVersion = 48;
	objects = {

/* Begin PBXBuildFile section */
		3D14EC5F203DC3FA00149E3F /* TreeNode.m in Sources */ = {isa = PBXBuildFile; fileRef = 3D14EC55203DC3F900149E3F /* TreeNode.m */; };
		3D14EC60203DC3FA00149E3F /* UndirectedGraphNode.m in Sources */ = {isa = PBXBuildFile; fileRef = 3D14EC56203DC3F900149E3F /* UndirectedGraphNode.m */; };
		3D14EC61203DC3FA00149E3F /* NSMutableArray+Stack.m in Sources */ = {isa = PBXBuildFile; fileRef = 3D14EC58203DC3F900149E3F /* NSMutableArray+Stack.m */; };
		3D14EC62203DC3FA00149E3F /* TrieNode.m in Sources */ = {isa = PBXBuildFile; fileRef = 3D14EC5A203DC3FA00149E3F /* TrieNode.m */; };
		3D14EC63203DC3FA00149E3F /* NSMutableArray+Queue.m in Sources */ = {isa = PBXBuildFile; fileRef = 3D14EC5D203DC3FA00149E3F /* NSMutableArray+Queue.m */; };
		3D14EC68203DC40300149E3F /* Interval.m in Sources */ = {isa = PBXBuildFile; fileRef = 3D14EC66203DC40300149E3F /* Interval.m */; };
		3D14EC69203DC40300149E3F /* ListNode.m in Sources */ = {isa = PBXBuildFile; fileRef = 3D14EC67203DC40300149E3F /* ListNode.m */; };
		60CCF43C203D621A00D10690 /* main.m in Sources */ = {isa = PBXBuildFile; fileRef = 60CCF43B203D621A00D10690 /* main.m */; };
		60CCF445203D62AC00D10690 /* LC.m in Sources */ = {isa = PBXBuildFile; fileRef = 60CCF444203D62AC00D10690 /* LC.m */; };
		60CCF448203D66E500D10690 /* LC105.m in Sources */ = {isa = PBXBuildFile; fileRef = 60CCF447203D66E500D10690 /* LC105.m */; };
/* End PBXBuildFile section */

/* Begin PBXCopyFilesBuildPhase section */
		60CCF436203D621A00D10690 /* CopyFiles */ = {
			isa = PBXCopyFilesBuildPhase;
			buildActionMask = 2147483647;
			dstPath = /usr/share/man/man1/;
			dstSubfolderSpec = 0;
			files = (
			);
			runOnlyForDeploymentPostprocessing = 1;
		};
/* End PBXCopyFilesBuildPhase section */

/* Begin PBXFileReference section */
		3D14EC55203DC3F900149E3F /* TreeNode.m */ = {isa = PBXFileReference; fileEncoding = 4; lastKnownFileType = sourcecode.c.objc; path = TreeNode.m; sourceTree = "<group>"; };
		3D14EC56203DC3F900149E3F /* UndirectedGraphNode.m */ = {isa = PBXFileReference; fileEncoding = 4; lastKnownFileType = sourcecode.c.objc; path = UndirectedGraphNode.m; sourceTree = "<group>"; };
		3D14EC57203DC3F900149E3F /* NSMutableArray+Queue.h */ = {isa = PBXFileReference; fileEncoding = 4; lastKnownFileType = sourcecode.c.h; path = "NSMutableArray+Queue.h"; sourceTree = "<group>"; };
		3D14EC58203DC3F900149E3F /* NSMutableArray+Stack.m */ = {isa = PBXFileReference; fileEncoding = 4; lastKnownFileType = sourcecode.c.objc; path = "NSMutableArray+Stack.m"; sourceTree = "<group>"; };
		3D14EC59203DC3FA00149E3F /* TreeNode.h */ = {isa = PBXFileReference; fileEncoding = 4; lastKnownFileType = sourcecode.c.h; path = TreeNode.h; sourceTree = "<group>"; };
		3D14EC5A203DC3FA00149E3F /* TrieNode.m */ = {isa = PBXFileReference; fileEncoding = 4; lastKnownFileType = sourcecode.c.objc; path = TrieNode.m; sourceTree = "<group>"; };
		3D14EC5B203DC3FA00149E3F /* TrieNode.h */ = {isa = PBXFileReference; fileEncoding = 4; lastKnownFileType = sourcecode.c.h; path = TrieNode.h; sourceTree = "<group>"; };
		3D14EC5C203DC3FA00149E3F /* UndirectedGraphNode.h */ = {isa = PBXFileReference; fileEncoding = 4; lastKnownFileType = sourcecode.c.h; path = UndirectedGraphNode.h; sourceTree = "<group>"; };
		3D14EC5D203DC3FA00149E3F /* NSMutableArray+Queue.m */ = {isa = PBXFileReference; fileEncoding = 4; lastKnownFileType = sourcecode.c.objc; path = "NSMutableArray+Queue.m"; sourceTree = "<group>"; };
		3D14EC5E203DC3FA00149E3F /* NSMutableArray+Stack.h */ = {isa = PBXFileReference; fileEncoding = 4; lastKnownFileType = sourcecode.c.h; path = "NSMutableArray+Stack.h"; sourceTree = "<group>"; };
		3D14EC64203DC40300149E3F /* Interval.h */ = {isa = PBXFileReference; fileEncoding = 4; lastKnownFileType = sourcecode.c.h; path = Interval.h; sourceTree = "<group>"; };
		3D14EC65203DC40300149E3F /* ListNode.h */ = {isa = PBXFileReference; fileEncoding = 4; lastKnownFileType = sourcecode.c.h; path = ListNode.h; sourceTree = "<group>"; };
		3D14EC66203DC40300149E3F /* Interval.m */ = {isa = PBXFileReference; fileEncoding = 4; lastKnownFileType = sourcecode.c.objc; path = Interval.m; sourceTree = "<group>"; };
		3D14EC67203DC40300149E3F /* ListNode.m */ = {isa = PBXFileReference; fileEncoding = 4; lastKnownFileType = sourcecode.c.objc; path = ListNode.m; sourceTree = "<group>"; };
		60CCF438203D621A00D10690 /* OC */ = {isa = PBXFileReference; explicitFileType = "compiled.mach-o.executable"; includeInIndex = 0; path = OC; sourceTree = BUILT_PRODUCTS_DIR; };
		60CCF43B203D621A00D10690 /* main.m */ = {isa = PBXFileReference; lastKnownFileType = sourcecode.c.objc; path = main.m; sourceTree = "<group>"; };
		60CCF442203D626500D10690 /* PrefixHeader.pch */ = {isa = PBXFileReference; lastKnownFileType = sourcecode.c.h; path = PrefixHeader.pch; sourceTree = "<group>"; };
		60CCF443203D62AC00D10690 /* LC.h */ = {isa = PBXFileReference; lastKnownFileType = sourcecode.c.h; path = LC.h; sourceTree = "<group>"; };
		60CCF444203D62AC00D10690 /* LC.m */ = {isa = PBXFileReference; lastKnownFileType = sourcecode.c.objc; path = LC.m; sourceTree = "<group>"; };
		60CCF446203D66E500D10690 /* LC105.h */ = {isa = PBXFileReference; lastKnownFileType = sourcecode.c.h; path = LC105.h; sourceTree = "<group>"; };
		60CCF447203D66E500D10690 /* LC105.m */ = {isa = PBXFileReference; lastKnownFileType = sourcecode.c.objc; path = LC105.m; sourceTree = "<group>"; };
/* End PBXFileReference section */

/* Begin PBXFrameworksBuildPhase section */
		60CCF435203D621A00D10690 /* Frameworks */ = {
			isa = PBXFrameworksBuildPhase;
			buildActionMask = 2147483647;
			files = (
			);
			runOnlyForDeploymentPostprocessing = 0;
		};
/* End PBXFrameworksBuildPhase section */

/* Begin PBXGroup section */
		60CCF42F203D621A00D10690 = {
			isa = PBXGroup;
			children = (
				60CCF43A203D621A00D10690 /* OC */,
				60CCF439203D621A00D10690 /* Products */,
			);
			sourceTree = "<group>";
		};
		60CCF439203D621A00D10690 /* Products */ = {
			isa = PBXGroup;
			children = (
				60CCF438203D621A00D10690 /* OC */,
			);
			name = Products;
			sourceTree = "<group>";
		};
		60CCF43A203D621A00D10690 /* OC */ = {
			isa = PBXGroup;
			children = (
				60CCF43B203D621A00D10690 /* main.m */,
				60CCF443203D62AC00D10690 /* LC.h */,
				60CCF444203D62AC00D10690 /* LC.m */,
				3D14EC64203DC40300149E3F /* Interval.h */,
				3D14EC66203DC40300149E3F /* Interval.m */,
				3D14EC65203DC40300149E3F /* ListNode.h */,
				3D14EC67203DC40300149E3F /* ListNode.m */,
				3D14EC57203DC3F900149E3F /* NSMutableArray+Queue.h */,
				3D14EC5D203DC3FA00149E3F /* NSMutableArray+Queue.m */,
				3D14EC5E203DC3FA00149E3F /* NSMutableArray+Stack.h */,
				3D14EC58203DC3F900149E3F /* NSMutableArray+Stack.m */,
				3D14EC59203DC3FA00149E3F /* TreeNode.h */,
				3D14EC55203DC3F900149E3F /* TreeNode.m */,
				3D14EC5B203DC3FA00149E3F /* TrieNode.h */,
				3D14EC5A203DC3FA00149E3F /* TrieNode.m */,
				3D14EC5C203DC3FA00149E3F /* UndirectedGraphNode.h */,
				3D14EC56203DC3F900149E3F /* UndirectedGraphNode.m */,
				60CCF446203D66E500D10690 /* LC105.h */,
				60CCF447203D66E500D10690 /* LC105.m */,
				60CCF442203D626500D10690 /* PrefixHeader.pch */,
			);
			path = OC;
			sourceTree = "<group>";
		};
/* End PBXGroup section */

/* Begin PBXNativeTarget section */
		60CCF437203D621A00D10690 /* OC */ = {
			isa = PBXNativeTarget;
			buildConfigurationList = 60CCF43F203D621A00D10690 /* Build configuration list for PBXNativeTarget "OC" */;
			buildPhases = (
				60CCF434203D621A00D10690 /* Sources */,
				60CCF435203D621A00D10690 /* Frameworks */,
				60CCF436203D621A00D10690 /* CopyFiles */,
			);
			buildRules = (
			);
			dependencies = (
			);
			name = OC;
			productName = OC;
			productReference = 60CCF438203D621A00D10690 /* OC */;
			productType = "com.apple.product-type.tool";
		};
/* End PBXNativeTarget section */

/* Begin PBXProject section */
		60CCF430203D621A00D10690 /* Project object */ = {
			isa = PBXProject;
			attributes = {
				LastUpgradeCheck = 0920;
				ORGANIZATIONNAME = "Zhen Gong";
				TargetAttributes = {
					60CCF437203D621A00D10690 = {
						CreatedOnToolsVersion = 9.2;
						ProvisioningStyle = Automatic;
					};
				};
			};
			buildConfigurationList = 60CCF433203D621A00D10690 /* Build configuration list for PBXProject "OC" */;
			compatibilityVersion = "Xcode 8.0";
			developmentRegion = en;
			hasScannedForEncodings = 0;
			knownRegions = (
				en,
			);
			mainGroup = 60CCF42F203D621A00D10690;
			productRefGroup = 60CCF439203D621A00D10690 /* Products */;
			projectDirPath = "";
			projectRoot = "";
			targets = (
				60CCF437203D621A00D10690 /* OC */,
			);
		};
/* End PBXProject section */

/* Begin PBXSourcesBuildPhase section */
		60CCF434203D621A00D10690 /* Sources */ = {
			isa = PBXSourcesBuildPhase;
			buildActionMask = 2147483647;
			files = (
				3D14EC61203DC3FA00149E3F /* NSMutableArray+Stack.m in Sources */,
				3D14EC60203DC3FA00149E3F /* UndirectedGraphNode.m in Sources */,
				3D14EC68203DC40300149E3F /* Interval.m in Sources */,
				3D14EC69203DC40300149E3F /* ListNode.m in Sources */,
				60CCF448203D66E500D10690 /* LC105.m in Sources */,
				3D14EC63203DC3FA00149E3F /* NSMutableArray+Queue.m in Sources */,
				3D14EC62203DC3FA00149E3F /* TrieNode.m in Sources */,
				60CCF445203D62AC00D10690 /* LC.m in Sources */,
				60CCF43C203D621A00D10690 /* main.m in Sources */,
				3D14EC5F203DC3FA00149E3F /* TreeNode.m in Sources */,
			);
			runOnlyForDeploymentPostprocessing = 0;
		};
/* End PBXSourcesBuildPhase section */

/* Begin XCBuildConfiguration section */
		60CCF43D203D621A00D10690 /* Debug */ = {
			isa = XCBuildConfiguration;
			buildSettings = {
				ALWAYS_SEARCH_USER_PATHS = NO;
				CLANG_ANALYZER_NONNULL = YES;
				CLANG_ANALYZER_NUMBER_OBJECT_CONVERSION = YES_AGGRESSIVE;
				CLANG_CXX_LANGUAGE_STANDARD = "gnu++14";
				CLANG_CXX_LIBRARY = "libc++";
				CLANG_ENABLE_MODULES = YES;
				CLANG_ENABLE_OBJC_ARC = YES;
				CLANG_WARN_BLOCK_CAPTURE_AUTORELEASING = YES;
				CLANG_WARN_BOOL_CONVERSION = YES;
				CLANG_WARN_COMMA = YES;
				CLANG_WARN_CONSTANT_CONVERSION = YES;
				CLANG_WARN_DIRECT_OBJC_ISA_USAGE = YES_ERROR;
				CLANG_WARN_DOCUMENTATION_COMMENTS = YES;
				CLANG_WARN_EMPTY_BODY = YES;
				CLANG_WARN_ENUM_CONVERSION = YES;
				CLANG_WARN_INFINITE_RECURSION = YES;
				CLANG_WARN_INT_CONVERSION = YES;
				CLANG_WARN_NON_LITERAL_NULL_CONVERSION = YES;
				CLANG_WARN_OBJC_LITERAL_CONVERSION = YES;
				CLANG_WARN_OBJC_ROOT_CLASS = YES_ERROR;
				CLANG_WARN_RANGE_LOOP_ANALYSIS = YES;
				CLANG_WARN_STRICT_PROTOTYPES = YES;
				CLANG_WARN_SUSPICIOUS_MOVE = YES;
				CLANG_WARN_UNGUARDED_AVAILABILITY = YES_AGGRESSIVE;
				CLANG_WARN_UNREACHABLE_CODE = YES;
				CLANG_WARN__DUPLICATE_METHOD_MATCH = YES;
				CODE_SIGN_IDENTITY = "Mac Developer";
				COPY_PHASE_STRIP = NO;
				DEBUG_INFORMATION_FORMAT = dwarf;
				ENABLE_STRICT_OBJC_MSGSEND = YES;
				ENABLE_TESTABILITY = YES;
				GCC_C_LANGUAGE_STANDARD = gnu11;
				GCC_DYNAMIC_NO_PIC = NO;
				GCC_NO_COMMON_BLOCKS = YES;
				GCC_OPTIMIZATION_LEVEL = 0;
				GCC_PRECOMPILE_PREFIX_HEADER = YES;
				GCC_PREFIX_HEADER = "$(SRCROOT)/$(PROJECT_NAME)/PrefixHeader.pch";
				GCC_PREPROCESSOR_DEFINITIONS = (
					"DEBUG=1",
					"$(inherited)",
				);
				GCC_WARN_64_TO_32_BIT_CONVERSION = YES;
				GCC_WARN_ABOUT_RETURN_TYPE = YES_ERROR;
				GCC_WARN_UNDECLARED_SELECTOR = YES;
				GCC_WARN_UNINITIALIZED_AUTOS = YES_AGGRESSIVE;
				GCC_WARN_UNUSED_FUNCTION = YES;
				GCC_WARN_UNUSED_VARIABLE = YES;
				MACOSX_DEPLOYMENT_TARGET = 10.12;
				MTL_ENABLE_DEBUG_INFO = YES;
				ONLY_ACTIVE_ARCH = YES;
				SDKROOT = macosx;
			};
			name = Debug;
		};
		60CCF43E203D621A00D10690 /* Release */ = {
			isa = XCBuildConfiguration;
			buildSettings = {
				ALWAYS_SEARCH_USER_PATHS = NO;
				CLANG_ANALYZER_NONNULL = YES;
				CLANG_ANALYZER_NUMBER_OBJECT_CONVERSION = YES_AGGRESSIVE;
				CLANG_CXX_LANGUAGE_STANDARD = "gnu++14";
				CLANG_CXX_LIBRARY = "libc++";
				CLANG_ENABLE_MODULES = YES;
				CLANG_ENABLE_OBJC_ARC = YES;
				CLANG_WARN_BLOCK_CAPTURE_AUTORELEASING = YES;
				CLANG_WARN_BOOL_CONVERSION = YES;
				CLANG_WARN_COMMA = YES;
				CLANG_WARN_CONSTANT_CONVERSION = YES;
				CLANG_WARN_DIRECT_OBJC_ISA_USAGE = YES_ERROR;
				CLANG_WARN_DOCUMENTATION_COMMENTS = YES;
				CLANG_WARN_EMPTY_BODY = YES;
				CLANG_WARN_ENUM_CONVERSION = YES;
				CLANG_WARN_INFINITE_RECURSION = YES;
				CLANG_WARN_INT_CONVERSION = YES;
				CLANG_WARN_NON_LITERAL_NULL_CONVERSION = YES;
				CLANG_WARN_OBJC_LITERAL_CONVERSION = YES;
				CLANG_WARN_OBJC_ROOT_CLASS = YES_ERROR;
				CLANG_WARN_RANGE_LOOP_ANALYSIS = YES;
				CLANG_WARN_STRICT_PROTOTYPES = YES;
				CLANG_WARN_SUSPICIOUS_MOVE = YES;
				CLANG_WARN_UNGUARDED_AVAILABILITY = YES_AGGRESSIVE;
				CLANG_WARN_UNREACHABLE_CODE = YES;
				CLANG_WARN__DUPLICATE_METHOD_MATCH = YES;
				CODE_SIGN_IDENTITY = "Mac Developer";
				COPY_PHASE_STRIP = NO;
				DEBUG_INFORMATION_FORMAT = "dwarf-with-dsym";
				ENABLE_NS_ASSERTIONS = NO;
				ENABLE_STRICT_OBJC_MSGSEND = YES;
				GCC_C_LANGUAGE_STANDARD = gnu11;
				GCC_NO_COMMON_BLOCKS = YES;
				GCC_PRECOMPILE_PREFIX_HEADER = YES;
				GCC_PREFIX_HEADER = "$(SRCROOT)/$(PROJECT_NAME)/PrefixHeader.pch";
				GCC_WARN_64_TO_32_BIT_CONVERSION = YES;
				GCC_WARN_ABOUT_RETURN_TYPE = YES_ERROR;
				GCC_WARN_UNDECLARED_SELECTOR = YES;
				GCC_WARN_UNINITIALIZED_AUTOS = YES_AGGRESSIVE;
				GCC_WARN_UNUSED_FUNCTION = YES;
				GCC_WARN_UNUSED_VARIABLE = YES;
				MACOSX_DEPLOYMENT_TARGET = 10.12;
				MTL_ENABLE_DEBUG_INFO = NO;
				SDKROOT = macosx;
			};
			name = Release;
		};
		60CCF440203D621A00D10690 /* Debug */ = {
			isa = XCBuildConfiguration;
			buildSettings = {
				CODE_SIGN_STYLE = Automatic;
				DEVELOPMENT_TEAM = J9PKQ8Y5Y3;
				PRODUCT_NAME = "$(TARGET_NAME)";
			};
			name = Debug;
		};
		60CCF441203D621A00D10690 /* Release */ = {
			isa = XCBuildConfiguration;
			buildSettings = {
				CODE_SIGN_STYLE = Automatic;
				DEVELOPMENT_TEAM = J9PKQ8Y5Y3;
				PRODUCT_NAME = "$(TARGET_NAME)";
			};
			name = Release;
		};
/* End XCBuildConfiguration section */

/* Begin XCConfigurationList section */
		60CCF433203D621A00D10690 /* Build configuration list for PBXProject "OC" */ = {
			isa = XCConfigurationList;
			buildConfigurations = (
				60CCF43D203D621A00D10690 /* Debug */,
				60CCF43E203D621A00D10690 /* Release */,
			);
			defaultConfigurationIsVisible = 0;
			defaultConfigurationName = Release;
		};
		60CCF43F203D621A00D10690 /* Build configuration list for PBXNativeTarget "OC" */ = {
			isa = XCConfigurationList;
			buildConfigurations = (
				60CCF440203D621A00D10690 /* Debug */,
				60CCF441203D621A00D10690 /* Release */,
			);
			defaultConfigurationIsVisible = 0;
			defaultConfigurationName = Release;
		};
/* End XCConfigurationList section */
	};
	rootObject = 60CCF430203D621A00D10690 /* Project object */;
}
